
Microsoft Visual Studio Solution File, Format Version 12.00
# Visual Studio Version 17
VisualStudioVersion = 17.9.34622.214
MinimumVisualStudioVersion = 10.0.40219.1
Project("{FAE04EC0-301F-11D3-BF4B-00C04F79EFBC}") = "Mastermind - Ryan Sumpter Quadax Coding Exercise", "Mastermind - Ryan Sumpter Quadax Coding Exercise\Mastermind - Ryan Sumpter Quadax Coding Exercise.csproj", "{EDE76C03-DF13-4D95-A878-62C2702972FC}"
EndProject
Global
	GlobalSection(SolutionConfigurationPlatforms) = preSolution
		Debug|Any CPU = Debug|Any CPU
		Release|Any CPU = Release|Any CPU
	EndGlobalSection
	GlobalSection(ProjectConfigurationPlatforms) = postSolution
		{EDE76C03-DF13-4D95-A878-62C2702972FC}.Debug|Any CPU.ActiveCfg = Debug|Any CPU
		{EDE76C03-DF13-4D95-A878-62C2702972FC}.Debug|Any CPU.Build.0 = Debug|Any CPU
		{EDE76C03-DF13-4D95-A878-62C2702972FC}.Release|Any CPU.ActiveCfg = Release|Any CPU
		{EDE76C03-DF13-4D95-A878-62C2702972FC}.Release|Any CPU.Build.0 = Release|Any CPU
	EndGlobalSection
	GlobalSection(SolutionProperties) = preSolution
		HideSolutionNode = FALSE
	EndGlobalSection
	GlobalSection(ExtensibilityGlobals) = postSolution
		SolutionGuid = {82D87B90-8636-4FBD-A2A1-E11A32730E78}
	EndGlobalSection
EndGlobal
